// !$*UTF8*$!
{
	archiveVersion = 1;
	classes = {
	};
	objectVersion = 56;
	objects = {

/* Begin PBXBuildFile section */
		6B2039A42A172277005B5B2A /* AppDelegate.swift in Sources */ = {isa = PBXBuildFile; fileRef = 6B2039A32A172277005B5B2A /* AppDelegate.swift */; };
		6B2039A62A172277005B5B2A /* SceneDelegate.swift in Sources */ = {isa = PBXBuildFile; fileRef = 6B2039A52A172277005B5B2A /* SceneDelegate.swift */; };
		6B2039A82A172277005B5B2A /* ViewController.swift in Sources */ = {isa = PBXBuildFile; fileRef = 6B2039A72A172277005B5B2A /* ViewController.swift */; };
		6B2039AB2A172277005B5B2A /* Main.storyboard in Resources */ = {isa = PBXBuildFile; fileRef = 6B2039A92A172277005B5B2A /* Main.storyboard */; };
		6B2039AD2A17227B005B5B2A /* Assets.xcassets in Resources */ = {isa = PBXBuildFile; fileRef = 6B2039AC2A17227B005B5B2A /* Assets.xcassets */; };
		6B2039B02A17227B005B5B2A /* LaunchScreen.storyboard in Resources */ = {isa = PBXBuildFile; fileRef = 6B2039AE2A17227B005B5B2A /* LaunchScreen.storyboard */; };
		6B2039BB2A17227C005B5B2A /* overleafTests.swift in Sources */ = {isa = PBXBuildFile; fileRef = 6B2039BA2A17227C005B5B2A /* overleafTests.swift */; };
		6B2039C52A17227C005B5B2A /* overleafUITests.swift in Sources */ = {isa = PBXBuildFile; fileRef = 6B2039C42A17227C005B5B2A /* overleafUITests.swift */; };
		6B2039C72A17227C005B5B2A /* overleafUITestsLaunchTests.swift in Sources */ = {isa = PBXBuildFile; fileRef = 6B2039C62A17227C005B5B2A /* overleafUITestsLaunchTests.swift */; };
		6B2039DA2A1727AE005B5B2A /* ListViewController.swift in Sources */ = {isa = PBXBuildFile; fileRef = 6B2039D92A1727AE005B5B2A /* ListViewController.swift */; };
		6B2039DC2A1727C0005B5B2A /* DocViewController.swift in Sources */ = {isa = PBXBuildFile; fileRef = 6B2039DB2A1727C0005B5B2A /* DocViewController.swift */; };
		6B2039DF2A174612005B5B2A /* Down in Frameworks */ = {isa = PBXBuildFile; productRef = 6B2039DE2A174612005B5B2A /* Down */; };
		6B2039E22A17488E005B5B2A /* LaTeXSwiftUI in Frameworks */ = {isa = PBXBuildFile; productRef = 6B2039E12A17488D005B5B2A /* LaTeXSwiftUI */; };
		6B203AB62A1873D4005B5B2A /* Overleaf_Logo.png in Resources */ = {isa = PBXBuildFile; fileRef = 6B203AB52A1873D4005B5B2A /* Overleaf_Logo.png */; };
/* End PBXBuildFile section */

/* Begin PBXContainerItemProxy section */
		6B2039B72A17227C005B5B2A /* PBXContainerItemProxy */ = {
			isa = PBXContainerItemProxy;
			containerPortal = 6B2039982A172277005B5B2A /* Project object */;
			proxyType = 1;
			remoteGlobalIDString = 6B20399F2A172277005B5B2A;
			remoteInfo = overleaf;
		};
		6B2039C12A17227C005B5B2A /* PBXContainerItemProxy */ = {
			isa = PBXContainerItemProxy;
			containerPortal = 6B2039982A172277005B5B2A /* Project object */;
			proxyType = 1;
			remoteGlobalIDString = 6B20399F2A172277005B5B2A;
			remoteInfo = overleaf;
		};
/* End PBXContainerItemProxy section */

/* Begin PBXFileReference section */
		6B2039A02A172277005B5B2A /* overleaf.app */ = {isa = PBXFileReference; explicitFileType = wrapper.application; includeInIndex = 0; path = overleaf.app; sourceTree = BUILT_PRODUCTS_DIR; };
		6B2039A32A172277005B5B2A /* AppDelegate.swift */ = {isa = PBXFileReference; lastKnownFileType = sourcecode.swift; path = AppDelegate.swift; sourceTree = "<group>"; };
		6B2039A52A172277005B5B2A /* SceneDelegate.swift */ = {isa = PBXFileReference; lastKnownFileType = sourcecode.swift; path = SceneDelegate.swift; sourceTree = "<group>"; };
		6B2039A72A172277005B5B2A /* ViewController.swift */ = {isa = PBXFileReference; lastKnownFileType = sourcecode.swift; path = ViewController.swift; sourceTree = "<group>"; };
		6B2039AA2A172277005B5B2A /* Base */ = {isa = PBXFileReference; lastKnownFileType = file.storyboard; name = Base; path = Base.lproj/Main.storyboard; sourceTree = "<group>"; };
		6B2039AC2A17227B005B5B2A /* Assets.xcassets */ = {isa = PBXFileReference; lastKnownFileType = folder.assetcatalog; path = Assets.xcassets; sourceTree = "<group>"; };
		6B2039AF2A17227B005B5B2A /* Base */ = {isa = PBXFileReference; lastKnownFileType = file.storyboard; name = Base; path = Base.lproj/LaunchScreen.storyboard; sourceTree = "<group>"; };
		6B2039B12A17227B005B5B2A /* Info.plist */ = {isa = PBXFileReference; lastKnownFileType = text.plist.xml; path = Info.plist; sourceTree = "<group>"; };
		6B2039B62A17227C005B5B2A /* overleafTests.xctest */ = {isa = PBXFileReference; explicitFileType = wrapper.cfbundle; includeInIndex = 0; path = overleafTests.xctest; sourceTree = BUILT_PRODUCTS_DIR; };
		6B2039BA2A17227C005B5B2A /* overleafTests.swift */ = {isa = PBXFileReference; lastKnownFileType = sourcecode.swift; path = overleafTests.swift; sourceTree = "<group>"; };
		6B2039C02A17227C005B5B2A /* overleafUITests.xctest */ = {isa = PBXFileReference; explicitFileType = wrapper.cfbundle; includeInIndex = 0; path = overleafUITests.xctest; sourceTree = BUILT_PRODUCTS_DIR; };
		6B2039C42A17227C005B5B2A /* overleafUITests.swift */ = {isa = PBXFileReference; lastKnownFileType = sourcecode.swift; path = overleafUITests.swift; sourceTree = "<group>"; };
		6B2039C62A17227C005B5B2A /* overleafUITestsLaunchTests.swift */ = {isa = PBXFileReference; lastKnownFileType = sourcecode.swift; path = overleafUITestsLaunchTests.swift; sourceTree = "<group>"; };
		6B2039D92A1727AE005B5B2A /* ListViewController.swift */ = {isa = PBXFileReference; lastKnownFileType = sourcecode.swift; path = ListViewController.swift; sourceTree = "<group>"; };
		6B2039DB2A1727C0005B5B2A /* DocViewController.swift */ = {isa = PBXFileReference; lastKnownFileType = sourcecode.swift; path = DocViewController.swift; sourceTree = "<group>"; };
		6B203AB52A1873D4005B5B2A /* Overleaf_Logo.png */ = {isa = PBXFileReference; lastKnownFileType = image.png; name = Overleaf_Logo.png; path = ../../../../Downloads/Overleaf_Logo.png; sourceTree = "<group>"; };
/* End PBXFileReference section */

/* Begin PBXFrameworksBuildPhase section */
		6B20399D2A172277005B5B2A /* Frameworks */ = {
			isa = PBXFrameworksBuildPhase;
			buildActionMask = 2147483647;
			files = (
				6B2039DF2A174612005B5B2A /* Down in Frameworks */,
				6B2039E22A17488E005B5B2A /* LaTeXSwiftUI in Frameworks */,
			);
			runOnlyForDeploymentPostprocessing = 0;
		};
		6B2039B32A17227C005B5B2A /* Frameworks */ = {
			isa = PBXFrameworksBuildPhase;
			buildActionMask = 2147483647;
			files = (
			);
			runOnlyForDeploymentPostprocessing = 0;
		};
		6B2039BD2A17227C005B5B2A /* Frameworks */ = {
			isa = PBXFrameworksBuildPhase;
			buildActionMask = 2147483647;
			files = (
			);
			runOnlyForDeploymentPostprocessing = 0;
		};
/* End PBXFrameworksBuildPhase section */

/* Begin PBXGroup section */
		6B2039972A172277005B5B2A = {
			isa = PBXGroup;
			children = (
				6B2039A22A172277005B5B2A /* overleaf */,
				6B2039B92A17227C005B5B2A /* overleafTests */,
				6B2039C32A17227C005B5B2A /* overleafUITests */,
				6B2039A12A172277005B5B2A /* Products */,
			);
			sourceTree = "<group>";
		};
		6B2039A12A172277005B5B2A /* Products */ = {
			isa = PBXGroup;
			children = (
				6B2039A02A172277005B5B2A /* overleaf.app */,
				6B2039B62A17227C005B5B2A /* overleafTests.xctest */,
				6B2039C02A17227C005B5B2A /* overleafUITests.xctest */,
			);
			name = Products;
			sourceTree = "<group>";
		};
		6B2039A22A172277005B5B2A /* overleaf */ = {
			isa = PBXGroup;
			children = (
				6B2039A32A172277005B5B2A /* AppDelegate.swift */,
				6B2039A52A172277005B5B2A /* SceneDelegate.swift */,
				6B2039A72A172277005B5B2A /* ViewController.swift */,
				6B2039A92A172277005B5B2A /* Main.storyboard */,
				6B2039AC2A17227B005B5B2A /* Assets.xcassets */,
				6B2039AE2A17227B005B5B2A /* LaunchScreen.storyboard */,
				6B2039B12A17227B005B5B2A /* Info.plist */,
				6B2039D92A1727AE005B5B2A /* ListViewController.swift */,
				6B2039DB2A1727C0005B5B2A /* DocViewController.swift */,
				6B203AB52A1873D4005B5B2A /* Overleaf_Logo.png */,
			);
			path = overleaf;
			sourceTree = "<group>";
		};
		6B2039B92A17227C005B5B2A /* overleafTests */ = {
			isa = PBXGroup;
			children = (
				6B2039BA2A17227C005B5B2A /* overleafTests.swift */,
			);
			path = overleafTests;
			sourceTree = "<group>";
		};
		6B2039C32A17227C005B5B2A /* overleafUITests */ = {
			isa = PBXGroup;
			children = (
				6B2039C42A17227C005B5B2A /* overleafUITests.swift */,
				6B2039C62A17227C005B5B2A /* overleafUITestsLaunchTests.swift */,
			);
			path = overleafUITests;
			sourceTree = "<group>";
		};
/* End PBXGroup section */

/* Begin PBXNativeTarget section */
		6B20399F2A172277005B5B2A /* overleaf */ = {
			isa = PBXNativeTarget;
			buildConfigurationList = 6B2039CA2A17227C005B5B2A /* Build configuration list for PBXNativeTarget "overleaf" */;
			buildPhases = (
				6B20399C2A172277005B5B2A /* Sources */,
				6B20399D2A172277005B5B2A /* Frameworks */,
				6B20399E2A172277005B5B2A /* Resources */,
			);
			buildRules = (
			);
			dependencies = (
			);
			name = overleaf;
			packageProductDependencies = (
				6B2039DE2A174612005B5B2A /* Down */,
				6B2039E12A17488D005B5B2A /* LaTeXSwiftUI */,
			);
			productName = overleaf;
			productReference = 6B2039A02A172277005B5B2A /* overleaf.app */;
			productType = "com.apple.product-type.application";
		};
		6B2039B52A17227C005B5B2A /* overleafTests */ = {
			isa = PBXNativeTarget;
			buildConfigurationList = 6B2039CD2A17227C005B5B2A /* Build configuration list for PBXNativeTarget "overleafTests" */;
			buildPhases = (
				6B2039B22A17227C005B5B2A /* Sources */,
				6B2039B32A17227C005B5B2A /* Frameworks */,
				6B2039B42A17227C005B5B2A /* Resources */,
			);
			buildRules = (
			);
			dependencies = (
				6B2039B82A17227C005B5B2A /* PBXTargetDependency */,
			);
			name = overleafTests;
			productName = overleafTests;
			productReference = 6B2039B62A17227C005B5B2A /* overleafTests.xctest */;
			productType = "com.apple.product-type.bundle.unit-test";
		};
		6B2039BF2A17227C005B5B2A /* overleafUITests */ = {
			isa = PBXNativeTarget;
			buildConfigurationList = 6B2039D02A17227C005B5B2A /* Build configuration list for PBXNativeTarget "overleafUITests" */;
			buildPhases = (
				6B2039BC2A17227C005B5B2A /* Sources */,
				6B2039BD2A17227C005B5B2A /* Frameworks */,
				6B2039BE2A17227C005B5B2A /* Resources */,
			);
			buildRules = (
			);
			dependencies = (
				6B2039C22A17227C005B5B2A /* PBXTargetDependency */,
			);
			name = overleafUITests;
			productName = overleafUITests;
			productReference = 6B2039C02A17227C005B5B2A /* overleafUITests.xctest */;
			productType = "com.apple.product-type.bundle.ui-testing";
		};
/* End PBXNativeTarget section */

/* Begin PBXProject section */
		6B2039982A172277005B5B2A /* Project object */ = {
			isa = PBXProject;
			attributes = {
				BuildIndependentTargetsInParallel = 1;
				LastSwiftUpdateCheck = 1430;
				LastUpgradeCheck = 1430;
				TargetAttributes = {
					6B20399F2A172277005B5B2A = {
						CreatedOnToolsVersion = 14.3;
					};
					6B2039B52A17227C005B5B2A = {
						CreatedOnToolsVersion = 14.3;
						TestTargetID = 6B20399F2A172277005B5B2A;
					};
					6B2039BF2A17227C005B5B2A = {
						CreatedOnToolsVersion = 14.3;
						TestTargetID = 6B20399F2A172277005B5B2A;
					};
				};
			};
			buildConfigurationList = 6B20399B2A172277005B5B2A /* Build configuration list for PBXProject "overleaf" */;
			compatibilityVersion = "Xcode 14.0";
			developmentRegion = en;
			hasScannedForEncodings = 0;
			knownRegions = (
				en,
				Base,
			);
			mainGroup = 6B2039972A172277005B5B2A;
			packageReferences = (
				6B2039DD2A174611005B5B2A /* XCRemoteSwiftPackageReference "Down" */,
				6B2039E02A17488D005B5B2A /* XCRemoteSwiftPackageReference "LaTeXSwiftUI" */,
			);
			productRefGroup = 6B2039A12A172277005B5B2A /* Products */;
			projectDirPath = "";
			projectRoot = "";
			targets = (
				6B20399F2A172277005B5B2A /* overleaf */,
				6B2039B52A17227C005B5B2A /* overleafTests */,
				6B2039BF2A17227C005B5B2A /* overleafUITests */,
			);
		};
/* End PBXProject section */

/* Begin PBXResourcesBuildPhase section */
		6B20399E2A172277005B5B2A /* Resources */ = {
			isa = PBXResourcesBuildPhase;
			buildActionMask = 2147483647;
			files = (
				6B2039B02A17227B005B5B2A /* LaunchScreen.storyboard in Resources */,
				6B2039AD2A17227B005B5B2A /* Assets.xcassets in Resources */,
				6B203AB62A1873D4005B5B2A /* Overleaf_Logo.png in Resources */,
				6B2039AB2A172277005B5B2A /* Main.storyboard in Resources */,
			);
			runOnlyForDeploymentPostprocessing = 0;
		};
		6B2039B42A17227C005B5B2A /* Resources */ = {
			isa = PBXResourcesBuildPhase;
			buildActionMask = 2147483647;
			files = (
			);
			runOnlyForDeploymentPostprocessing = 0;
		};
		6B2039BE2A17227C005B5B2A /* Resources */ = {
			isa = PBXResourcesBuildPhase;
			buildActionMask = 2147483647;
			files = (
			);
			runOnlyForDeploymentPostprocessing = 0;
		};
/* End PBXResourcesBuildPhase section */

/* Begin PBXSourcesBuildPhase section */
		6B20399C2A172277005B5B2A /* Sources */ = {
			isa = PBXSourcesBuildPhase;
			buildActionMask = 2147483647;
			files = (
				6B2039A82A172277005B5B2A /* ViewController.swift in Sources */,
				6B2039A42A172277005B5B2A /* AppDelegate.swift in Sources */,
				6B2039DC2A1727C0005B5B2A /* DocViewController.swift in Sources */,
				6B2039A62A172277005B5B2A /* SceneDelegate.swift in Sources */,
				6B2039DA2A1727AE005B5B2A /* ListViewController.swift in Sources */,
			);
			runOnlyForDeploymentPostprocessing = 0;
		};
		6B2039B22A17227C005B5B2A /* Sources */ = {
			isa = PBXSourcesBuildPhase;
			buildActionMask = 2147483647;
			files = (
				6B2039BB2A17227C005B5B2A /* overleafTests.swift in Sources */,
			);
			runOnlyForDeploymentPostprocessing = 0;
		};
		6B2039BC2A17227C005B5B2A /* Sources */ = {
			isa = PBXSourcesBuildPhase;
			buildActionMask = 2147483647;
			files = (
				6B2039C72A17227C005B5B2A /* overleafUITestsLaunchTests.swift in Sources */,
				6B2039C52A17227C005B5B2A /* overleafUITests.swift in Sources */,
			);
			runOnlyForDeploymentPostprocessing = 0;
		};
/* End PBXSourcesBuildPhase section */

/* Begin PBXTargetDependency section */
		6B2039B82A17227C005B5B2A /* PBXTargetDependency */ = {
			isa = PBXTargetDependency;
			target = 6B20399F2A172277005B5B2A /* overleaf */;
			targetProxy = 6B2039B72A17227C005B5B2A /* PBXContainerItemProxy */;
		};
		6B2039C22A17227C005B5B2A /* PBXTargetDependency */ = {
			isa = PBXTargetDependency;
			target = 6B20399F2A172277005B5B2A /* overleaf */;
			targetProxy = 6B2039C12A17227C005B5B2A /* PBXContainerItemProxy */;
		};
/* End PBXTargetDependency section */

/* Begin PBXVariantGroup section */
		6B2039A92A172277005B5B2A /* Main.storyboard */ = {
			isa = PBXVariantGroup;
			children = (
				6B2039AA2A172277005B5B2A /* Base */,
			);
			name = Main.storyboard;
			sourceTree = "<group>";
		};
		6B2039AE2A17227B005B5B2A /* LaunchScreen.storyboard */ = {
			isa = PBXVariantGroup;
			children = (
				6B2039AF2A17227B005B5B2A /* Base */,
			);
			name = LaunchScreen.storyboard;
			sourceTree = "<group>";
		};
/* End PBXVariantGroup section */

/* Begin XCBuildConfiguration section */
		6B2039C82A17227C005B5B2A /* Debug */ = {
			isa = XCBuildConfiguration;
			buildSettings = {
				ALWAYS_SEARCH_USER_PATHS = NO;
				CLANG_ANALYZER_NONNULL = YES;
				CLANG_ANALYZER_NUMBER_OBJECT_CONVERSION = YES_AGGRESSIVE;
				CLANG_CXX_LANGUAGE_STANDARD = "gnu++20";
				CLANG_ENABLE_MODULES = YES;
				CLANG_ENABLE_OBJC_ARC = YES;
				CLANG_ENABLE_OBJC_WEAK = YES;
				CLANG_WARN_BLOCK_CAPTURE_AUTORELEASING = YES;
				CLANG_WARN_BOOL_CONVERSION = YES;
				CLANG_WARN_COMMA = YES;
				CLANG_WARN_CONSTANT_CONVERSION = YES;
				CLANG_WARN_DEPRECATED_OBJC_IMPLEMENTATIONS = YES;
				CLANG_WARN_DIRECT_OBJC_ISA_USAGE = YES_ERROR;
				CLANG_WARN_DOCUMENTATION_COMMENTS = YES;
				CLANG_WARN_EMPTY_BODY = YES;
				CLANG_WARN_ENUM_CONVERSION = YES;
				CLANG_WARN_INFINITE_RECURSION = YES;
				CLANG_WARN_INT_CONVERSION = YES;
				CLANG_WARN_NON_LITERAL_NULL_CONVERSION = YES;
				CLANG_WARN_OBJC_IMPLICIT_RETAIN_SELF = YES;
				CLANG_WARN_OBJC_LITERAL_CONVERSION = YES;
				CLANG_WARN_OBJC_ROOT_CLASS = YES_ERROR;
				CLANG_WARN_QUOTED_INCLUDE_IN_FRAMEWORK_HEADER = YES;
				CLANG_WARN_RANGE_LOOP_ANALYSIS = YES;
				CLANG_WARN_STRICT_PROTOTYPES = YES;
				CLANG_WARN_SUSPICIOUS_MOVE = YES;
				CLANG_WARN_UNGUARDED_AVAILABILITY = YES_AGGRESSIVE;
				CLANG_WARN_UNREACHABLE_CODE = YES;
				CLANG_WARN__DUPLICATE_METHOD_MATCH = YES;
				COPY_PHASE_STRIP = NO;
				DEBUG_INFORMATION_FORMAT = dwarf;
				ENABLE_STRICT_OBJC_MSGSEND = YES;
				ENABLE_TESTABILITY = YES;
				GCC_C_LANGUAGE_STANDARD = gnu11;
				GCC_DYNAMIC_NO_PIC = NO;
				GCC_NO_COMMON_BLOCKS = YES;
				GCC_OPTIMIZATION_LEVEL = 0;
				GCC_PREPROCESSOR_DEFINITIONS = (
					"DEBUG=1",
					"$(inherited)",
				);
				GCC_WARN_64_TO_32_BIT_CONVERSION = YES;
				GCC_WARN_ABOUT_RETURN_TYPE = YES_ERROR;
				GCC_WARN_UNDECLARED_SELECTOR = YES;
				GCC_WARN_UNINITIALIZED_AUTOS = YES_AGGRESSIVE;
				GCC_WARN_UNUSED_FUNCTION = YES;
				GCC_WARN_UNUSED_VARIABLE = YES;
				IPHONEOS_DEPLOYMENT_TARGET = 16.4;
				MTL_ENABLE_DEBUG_INFO = INCLUDE_SOURCE;
				MTL_FAST_MATH = YES;
				ONLY_ACTIVE_ARCH = YES;
				SDKROOT = iphoneos;
				SWIFT_ACTIVE_COMPILATION_CONDITIONS = DEBUG;
				SWIFT_OPTIMIZATION_LEVEL = "-Onone";
			};
			name = Debug;
		};
		6B2039C92A17227C005B5B2A /* Release */ = {
			isa = XCBuildConfiguration;
			buildSettings = {
				ALWAYS_SEARCH_USER_PATHS = NO;
				CLANG_ANALYZER_NONNULL = YES;
				CLANG_ANALYZER_NUMBER_OBJECT_CONVERSION = YES_AGGRESSIVE;
				CLANG_CXX_LANGUAGE_STANDARD = "gnu++20";
				CLANG_ENABLE_MODULES = YES;
				CLANG_ENABLE_OBJC_ARC = YES;
				CLANG_ENABLE_OBJC_WEAK = YES;
				CLANG_WARN_BLOCK_CAPTURE_AUTORELEASING = YES;
				CLANG_WARN_BOOL_CONVERSION = YES;
				CLANG_WARN_COMMA = YES;
				CLANG_WARN_CONSTANT_CONVERSION = YES;
				CLANG_WARN_DEPRECATED_OBJC_IMPLEMENTATIONS = YES;
				CLANG_WARN_DIRECT_OBJC_ISA_USAGE = YES_ERROR;
				CLANG_WARN_DOCUMENTATION_COMMENTS = YES;
				CLANG_WARN_EMPTY_BODY = YES;
				CLANG_WARN_ENUM_CONVERSION = YES;
				CLANG_WARN_INFINITE_RECURSION = YES;
				CLANG_WARN_INT_CONVERSION = YES;
				CLANG_WARN_NON_LITERAL_NULL_CONVERSION = YES;
				CLANG_WARN_OBJC_IMPLICIT_RETAIN_SELF = YES;
				CLANG_WARN_OBJC_LITERAL_CONVERSION = YES;
				CLANG_WARN_OBJC_ROOT_CLASS = YES_ERROR;
				CLANG_WARN_QUOTED_INCLUDE_IN_FRAMEWORK_HEADER = YES;
				CLANG_WARN_RANGE_LOOP_ANALYSIS = YES;
				CLANG_WARN_STRICT_PROTOTYPES = YES;
				CLANG_WARN_SUSPICIOUS_MOVE = YES;
				CLANG_WARN_UNGUARDED_AVAILABILITY = YES_AGGRESSIVE;
				CLANG_WARN_UNREACHABLE_CODE = YES;
				CLANG_WARN__DUPLICATE_METHOD_MATCH = YES;
				COPY_PHASE_STRIP = NO;
				DEBUG_INFORMATION_FORMAT = "dwarf-with-dsym";
				ENABLE_NS_ASSERTIONS = NO;
				ENABLE_STRICT_OBJC_MSGSEND = YES;
				GCC_C_LANGUAGE_STANDARD = gnu11;
				GCC_NO_COMMON_BLOCKS = YES;
				GCC_WARN_64_TO_32_BIT_CONVERSION = YES;
				GCC_WARN_ABOUT_RETURN_TYPE = YES_ERROR;
				GCC_WARN_UNDECLARED_SELECTOR = YES;
				GCC_WARN_UNINITIALIZED_AUTOS = YES_AGGRESSIVE;
				GCC_WARN_UNUSED_FUNCTION = YES;
				GCC_WARN_UNUSED_VARIABLE = YES;
				IPHONEOS_DEPLOYMENT_TARGET = 16.4;
				MTL_ENABLE_DEBUG_INFO = NO;
				MTL_FAST_MATH = YES;
				SDKROOT = iphoneos;
				SWIFT_COMPILATION_MODE = wholemodule;
				SWIFT_OPTIMIZATION_LEVEL = "-O";
				VALIDATE_PRODUCT = YES;
			};
			name = Release;
		};
		6B2039CB2A17227C005B5B2A /* Debug */ = {
			isa = XCBuildConfiguration;
			buildSettings = {
				ASSETCATALOG_COMPILER_APPICON_NAME = AppIcon;
				ASSETCATALOG_COMPILER_GLOBAL_ACCENT_COLOR_NAME = AccentColor;
				CODE_SIGN_STYLE = Automatic;
				CURRENT_PROJECT_VERSION = 1;
				GENERATE_INFOPLIST_FILE = YES;
				INFOPLIST_FILE = overleaf/Info.plist;
				INFOPLIST_KEY_UIApplicationSupportsIndirectInputEvents = YES;
				INFOPLIST_KEY_UILaunchStoryboardName = LaunchScreen;
				INFOPLIST_KEY_UIMainStoryboardFile = Main;
				INFOPLIST_KEY_UISupportedInterfaceOrientations_iPad = "UIInterfaceOrientationPortrait UIInterfaceOrientationPortraitUpsideDown UIInterfaceOrientationLandscapeLeft UIInterfaceOrientationLandscapeRight";
				INFOPLIST_KEY_UISupportedInterfaceOrientations_iPhone = "UIInterfaceOrientationPortrait UIInterfaceOrientationLandscapeLeft UIInterfaceOrientationLandscapeRight";
				LD_RUNPATH_SEARCH_PATHS = (
					"$(inherited)",
					"@executable_path/Frameworks",
				);
				MARKETING_VERSION = 1.0;
				PRODUCT_BUNDLE_IDENTIFIER = sophiahchiang.overleaf;
				PRODUCT_NAME = "$(TARGET_NAME)";
				SWIFT_EMIT_LOC_STRINGS = YES;
				SWIFT_VERSION = 5.0;
				TARGETED_DEVICE_FAMILY = "1,2";
			};
			name = Debug;
		};
		6B2039CC2A17227C005B5B2A /* Release */ = {
			isa = XCBuildConfiguration;
			buildSettings = {
				ASSETCATALOG_COMPILER_APPICON_NAME = AppIcon;
				ASSETCATALOG_COMPILER_GLOBAL_ACCENT_COLOR_NAME = AccentColor;
				CODE_SIGN_STYLE = Automatic;
				CURRENT_PROJECT_VERSION = 1;
				GENERATE_INFOPLIST_FILE = YES;
				INFOPLIST_FILE = overleaf/Info.plist;
				INFOPLIST_KEY_UIApplicationSupportsIndirectInputEvents = YES;
				INFOPLIST_KEY_UILaunchStoryboardName = LaunchScreen;
				INFOPLIST_KEY_UIMainStoryboardFile = Main;
				INFOPLIST_KEY_UISupportedInterfaceOrientations_iPad = "UIInterfaceOrientationPortrait UIInterfaceOrientationPortraitUpsideDown UIInterfaceOrientationLandscapeLeft UIInterfaceOrientationLandscapeRight";
				INFOPLIST_KEY_UISupportedInterfaceOrientations_iPhone = "UIInterfaceOrientationPortrait UIInterfaceOrientationLandscapeLeft UIInterfaceOrientationLandscapeRight";
				LD_RUNPATH_SEARCH_PATHS = (
					"$(inherited)",
					"@executable_path/Frameworks",
				);
				MARKETING_VERSION = 1.0;
				PRODUCT_BUNDLE_IDENTIFIER = sophiahchiang.overleaf;
				PRODUCT_NAME = "$(TARGET_NAME)";
				SWIFT_EMIT_LOC_STRINGS = YES;
				SWIFT_VERSION = 5.0;
				TARGETED_DEVICE_FAMILY = "1,2";
			};
			name = Release;
		};
		6B2039CE2A17227C005B5B2A /* Debug */ = {
			isa = XCBuildConfiguration;
			buildSettings = {
				ALWAYS_EMBED_SWIFT_STANDARD_LIBRARIES = YES;
				BUNDLE_LOADER = "$(TEST_HOST)";
				CODE_SIGN_STYLE = Automatic;
				CURRENT_PROJECT_VERSION = 1;
				GENERATE_INFOPLIST_FILE = YES;
				IPHONEOS_DEPLOYMENT_TARGET = 16.4;
				MARKETING_VERSION = 1.0;
				PRODUCT_BUNDLE_IDENTIFIER = sophiahchiang.overleafTests;
				PRODUCT_NAME = "$(TARGET_NAME)";
				SWIFT_EMIT_LOC_STRINGS = NO;
				SWIFT_VERSION = 5.0;
				TARGETED_DEVICE_FAMILY = "1,2";
				TEST_HOST = "$(BUILT_PRODUCTS_DIR)/overleaf.app/$(BUNDLE_EXECUTABLE_FOLDER_PATH)/overleaf";
			};
			name = Debug;
		};
		6B2039CF2A17227C005B5B2A /* Release */ = {
			isa = XCBuildConfiguration;
			buildSettings = {
				ALWAYS_EMBED_SWIFT_STANDARD_LIBRARIES = YES;
				BUNDLE_LOADER = "$(TEST_HOST)";
				CODE_SIGN_STYLE = Automatic;
				CURRENT_PROJECT_VERSION = 1;
				GENERATE_INFOPLIST_FILE = YES;
				IPHONEOS_DEPLOYMENT_TARGET = 16.4;
				MARKETING_VERSION = 1.0;
				PRODUCT_BUNDLE_IDENTIFIER = sophiahchiang.overleafTests;
				PRODUCT_NAME = "$(TARGET_NAME)";
				SWIFT_EMIT_LOC_STRINGS = NO;
				SWIFT_VERSION = 5.0;
				TARGETED_DEVICE_FAMILY = "1,2";
				TEST_HOST = "$(BUILT_PRODUCTS_DIR)/overleaf.app/$(BUNDLE_EXECUTABLE_FOLDER_PATH)/overleaf";
			};
			name = Release;
		};
		6B2039D12A17227C005B5B2A /* Debug */ = {
			isa = XCBuildConfiguration;
			buildSettings = {
				ALWAYS_EMBED_SWIFT_STANDARD_LIBRARIES = YES;
				CODE_SIGN_STYLE = Automatic;
				CURRENT_PROJECT_VERSION = 1;
				GENERATE_INFOPLIST_FILE = YES;
				MARKETING_VERSION = 1.0;
				PRODUCT_BUNDLE_IDENTIFIER = sophiahchiang.overleafUITests;
				PRODUCT_NAME = "$(TARGET_NAME)";
				SWIFT_EMIT_LOC_STRINGS = NO;
				SWIFT_VERSION = 5.0;
				TARGETED_DEVICE_FAMILY = "1,2";
				TEST_TARGET_NAME = overleaf;
			};
			name = Debug;
		};
		6B2039D22A17227C005B5B2A /* Release */ = {
			isa = XCBuildConfiguration;
			buildSettings = {
				ALWAYS_EMBED_SWIFT_STANDARD_LIBRARIES = YES;
				CODE_SIGN_STYLE = Automatic;
				CURRENT_PROJECT_VERSION = 1;
				GENERATE_INFOPLIST_FILE = YES;
				MARKETING_VERSION = 1.0;
				PRODUCT_BUNDLE_IDENTIFIER = sophiahchiang.overleafUITests;
				PRODUCT_NAME = "$(TARGET_NAME)";
				SWIFT_EMIT_LOC_STRINGS = NO;
				SWIFT_VERSION = 5.0;
				TARGETED_DEVICE_FAMILY = "1,2";
				TEST_TARGET_NAME = overleaf;
			};
			name = Release;
		};
/* End XCBuildConfiguration section */

/* Begin XCConfigurationList section */
		6B20399B2A172277005B5B2A /* Build configuration list for PBXProject "overleaf" */ = {
			isa = XCConfigurationList;
			buildConfigurations = (
				6B2039C82A17227C005B5B2A /* Debug */,
				6B2039C92A17227C005B5B2A /* Release */,
			);
			defaultConfigurationIsVisible = 0;
			defaultConfigurationName = Release;
		};
		6B2039CA2A17227C005B5B2A /* Build configuration list for PBXNativeTarget "overleaf" */ = {
			isa = XCConfigurationList;
			buildConfigurations = (
				6B2039CB2A17227C005B5B2A /* Debug */,
				6B2039CC2A17227C005B5B2A /* Release */,
			);
			defaultConfigurationIsVisible = 0;
			defaultConfigurationName = Release;
		};
		6B2039CD2A17227C005B5B2A /* Build configuration list for PBXNativeTarget "overleafTests" */ = {
			isa = XCConfigurationList;
			buildConfigurations = (
				6B2039CE2A17227C005B5B2A /* Debug */,
				6B2039CF2A17227C005B5B2A /* Release */,
			);
			defaultConfigurationIsVisible = 0;
			defaultConfigurationName = Release;
		};
		6B2039D02A17227C005B5B2A /* Build configuration list for PBXNativeTarget "overleafUITests" */ = {
			isa = XCConfigurationList;
			buildConfigurations = (
				6B2039D12A17227C005B5B2A /* Debug */,
				6B2039D22A17227C005B5B2A /* Release */,
			);
			defaultConfigurationIsVisible = 0;
			defaultConfigurationName = Release;
		};
/* End XCConfigurationList section */

/* Begin XCRemoteSwiftPackageReference section */
		6B2039DD2A174611005B5B2A /* XCRemoteSwiftPackageReference "Down" */ = {
			isa = XCRemoteSwiftPackageReference;
			repositoryURL = "https://github.com/johnxnguyen/Down";
			requirement = {
				branch = master;
				kind = branch;
			};
		};
		6B2039E02A17488D005B5B2A /* XCRemoteSwiftPackageReference "LaTeXSwiftUI" */ = {
			isa = XCRemoteSwiftPackageReference;
			repositoryURL = "https://github.com/colinc86/LaTeXSwiftUI";
			requirement = {
				branch = main;
				kind = branch;
			};
		};
/* End XCRemoteSwiftPackageReference section */

/* Begin XCSwiftPackageProductDependency section */
		6B2039DE2A174612005B5B2A /* Down */ = {
			isa = XCSwiftPackageProductDependency;
			package = 6B2039DD2A174611005B5B2A /* XCRemoteSwiftPackageReference "Down" */;
			productName = Down;
		};
		6B2039E12A17488D005B5B2A /* LaTeXSwiftUI */ = {
			isa = XCSwiftPackageProductDependency;
			package = 6B2039E02A17488D005B5B2A /* XCRemoteSwiftPackageReference "LaTeXSwiftUI" */;
			productName = LaTeXSwiftUI;
		};
/* End XCSwiftPackageProductDependency section */
	};
	rootObject = 6B2039982A172277005B5B2A /* Project object */;
}
